
Microsoft Visual Studio Solution File, Format Version 12.00
# Visual Studio Version 17
VisualStudioVersion = 17.7.34003.232
MinimumVisualStudioVersion = 10.0.40219.1
Project("{FAE04EC0-301F-11D3-BF4B-00C04F79EFBC}") = "Tentativa5", "Tentativa5\Tentativa5.csproj", "{1C9A61A7-FEAA-4130-AEFC-45E657E054E1}"
EndProject
Global
	GlobalSection(SolutionConfigurationPlatforms) = preSolution
		Debug|Any CPU = Debug|Any CPU
		Release|Any CPU = Release|Any CPU
	EndGlobalSection
	GlobalSection(ProjectConfigurationPlatforms) = postSolution
		{1C9A61A7-FEAA-4130-AEFC-45E657E054E1}.Debug|Any CPU.ActiveCfg = Debug|Any CPU
		{1C9A61A7-FEAA-4130-AEFC-45E657E054E1}.Debug|Any CPU.Build.0 = Debug|Any CPU
		{1C9A61A7-FEAA-4130-AEFC-45E657E054E1}.Release|Any CPU.ActiveCfg = Release|Any CPU
		{1C9A61A7-FEAA-4130-AEFC-45E657E054E1}.Release|Any CPU.Build.0 = Release|Any CPU
	EndGlobalSection
	GlobalSection(SolutionProperties) = preSolution
		HideSolutionNode = FALSE
	EndGlobalSection
	GlobalSection(ExtensibilityGlobals) = postSolution
		SolutionGuid = {C25B0D17-FE69-46CB-9998-96C6C155E07D}
	EndGlobalSection
EndGlobal
